// !$*UTF8*$!
{
	archiveVersion = 1;
	classes = {
	};
	objectVersion = 50;
	objects = {

/* Begin PBXBuildFile section */
		7780D47320FBE684005E0982 /* AppDelegate.swift in Sources */ = {isa = PBXBuildFile; fileRef = 7780D47220FBE684005E0982 /* AppDelegate.swift */; };
		7780D47520FBE684005E0982 /* ViewController.swift in Sources */ = {isa = PBXBuildFile; fileRef = 7780D47420FBE684005E0982 /* ViewController.swift */; };
		7780D47820FBE684005E0982 /* Main.storyboard in Resources */ = {isa = PBXBuildFile; fileRef = 7780D47620FBE684005E0982 /* Main.storyboard */; };
		7780D47A20FBE687005E0982 /* Assets.xcassets in Resources */ = {isa = PBXBuildFile; fileRef = 7780D47920FBE687005E0982 /* Assets.xcassets */; };
		7780D47D20FBE687005E0982 /* LaunchScreen.storyboard in Resources */ = {isa = PBXBuildFile; fileRef = 7780D47B20FBE687005E0982 /* LaunchScreen.storyboard */; };
		7780D48820FBE687005E0982 /* apponeTests.swift in Sources */ = {isa = PBXBuildFile; fileRef = 7780D48720FBE687005E0982 /* apponeTests.swift */; };
		7780D49320FBE687005E0982 /* apponeUITests.swift in Sources */ = {isa = PBXBuildFile; fileRef = 7780D49220FBE687005E0982 /* apponeUITests.swift */; };
/* End PBXBuildFile section */

/* Begin PBXContainerItemProxy section */
		7780D48420FBE687005E0982 /* PBXContainerItemProxy */ = {
			isa = PBXContainerItemProxy;
			containerPortal = 7780D46720FBE684005E0982 /* Project object */;
			proxyType = 1;
			remoteGlobalIDString = 7780D46E20FBE684005E0982;
			remoteInfo = appone;
		};
		7780D48F20FBE687005E0982 /* PBXContainerItemProxy */ = {
			isa = PBXContainerItemProxy;
			containerPortal = 7780D46720FBE684005E0982 /* Project object */;
			proxyType = 1;
			remoteGlobalIDString = 7780D46E20FBE684005E0982;
			remoteInfo = appone;
		};
/* End PBXContainerItemProxy section */

/* Begin PBXFileReference section */
		7780D46F20FBE684005E0982 /* appone.app */ = {isa = PBXFileReference; explicitFileType = wrapper.application; includeInIndex = 0; path = appone.app; sourceTree = BUILT_PRODUCTS_DIR; };
		7780D47220FBE684005E0982 /* AppDelegate.swift */ = {isa = PBXFileReference; lastKnownFileType = sourcecode.swift; path = AppDelegate.swift; sourceTree = "<group>"; };
		7780D47420FBE684005E0982 /* ViewController.swift */ = {isa = PBXFileReference; lastKnownFileType = sourcecode.swift; path = ViewController.swift; sourceTree = "<group>"; };
		7780D47720FBE684005E0982 /* Base */ = {isa = PBXFileReference; lastKnownFileType = file.storyboard; name = Base; path = Base.lproj/Main.storyboard; sourceTree = "<group>"; };
		7780D47920FBE687005E0982 /* Assets.xcassets */ = {isa = PBXFileReference; lastKnownFileType = folder.assetcatalog; path = Assets.xcassets; sourceTree = "<group>"; };
		7780D47C20FBE687005E0982 /* Base */ = {isa = PBXFileReference; lastKnownFileType = file.storyboard; name = Base; path = Base.lproj/LaunchScreen.storyboard; sourceTree = "<group>"; };
		7780D47E20FBE687005E0982 /* Info.plist */ = {isa = PBXFileReference; lastKnownFileType = text.plist.xml; path = Info.plist; sourceTree = "<group>"; };
		7780D48320FBE687005E0982 /* apponeTests.xctest */ = {isa = PBXFileReference; explicitFileType = wrapper.cfbundle; includeInIndex = 0; path = apponeTests.xctest; sourceTree = BUILT_PRODUCTS_DIR; };
		7780D48720FBE687005E0982 /* apponeTests.swift */ = {isa = PBXFileReference; lastKnownFileType = sourcecode.swift; path = apponeTests.swift; sourceTree = "<group>"; };
		7780D48920FBE687005E0982 /* Info.plist */ = {isa = PBXFileReference; lastKnownFileType = text.plist.xml; path = Info.plist; sourceTree = "<group>"; };
		7780D48E20FBE687005E0982 /* apponeUITests.xctest */ = {isa = PBXFileReference; explicitFileType = wrapper.cfbundle; includeInIndex = 0; path = apponeUITests.xctest; sourceTree = BUILT_PRODUCTS_DIR; };
		7780D49220FBE687005E0982 /* apponeUITests.swift */ = {isa = PBXFileReference; lastKnownFileType = sourcecode.swift; path = apponeUITests.swift; sourceTree = "<group>"; };
		7780D49420FBE687005E0982 /* Info.plist */ = {isa = PBXFileReference; lastKnownFileType = text.plist.xml; path = Info.plist; sourceTree = "<group>"; };
/* End PBXFileReference section */

/* Begin PBXFrameworksBuildPhase section */
		7780D46C20FBE684005E0982 /* Frameworks */ = {
			isa = PBXFrameworksBuildPhase;
			buildActionMask = 2147483647;
			files = (
			);
			runOnlyForDeploymentPostprocessing = 0;
		};
		7780D48020FBE687005E0982 /* Frameworks */ = {
			isa = PBXFrameworksBuildPhase;
			buildActionMask = 2147483647;
			files = (
			);
			runOnlyForDeploymentPostprocessing = 0;
		};
		7780D48B20FBE687005E0982 /* Frameworks */ = {
			isa = PBXFrameworksBuildPhase;
			buildActionMask = 2147483647;
			files = (
			);
			runOnlyForDeploymentPostprocessing = 0;
		};
/* End PBXFrameworksBuildPhase section */

/* Begin PBXGroup section */
		7780D46620FBE684005E0982 = {
			isa = PBXGroup;
			children = (
				7780D47120FBE684005E0982 /* appone */,
				7780D48620FBE687005E0982 /* apponeTests */,
				7780D49120FBE687005E0982 /* apponeUITests */,
				7780D47020FBE684005E0982 /* Products */,
			);
			sourceTree = "<group>";
		};
		7780D47020FBE684005E0982 /* Products */ = {
			isa = PBXGroup;
			children = (
				7780D46F20FBE684005E0982 /* appone.app */,
				7780D48320FBE687005E0982 /* apponeTests.xctest */,
				7780D48E20FBE687005E0982 /* apponeUITests.xctest */,
			);
			name = Products;
			sourceTree = "<group>";
		};
		7780D47120FBE684005E0982 /* appone */ = {
			isa = PBXGroup;
			children = (
				7780D47220FBE684005E0982 /* AppDelegate.swift */,
				7780D47420FBE684005E0982 /* ViewController.swift */,
				7780D47620FBE684005E0982 /* Main.storyboard */,
				7780D47920FBE687005E0982 /* Assets.xcassets */,
				7780D47B20FBE687005E0982 /* LaunchScreen.storyboard */,
				7780D47E20FBE687005E0982 /* Info.plist */,
			);
			path = appone;
			sourceTree = "<group>";
		};
		7780D48620FBE687005E0982 /* apponeTests */ = {
			isa = PBXGroup;
			children = (
				7780D48720FBE687005E0982 /* apponeTests.swift */,
				7780D48920FBE687005E0982 /* Info.plist */,
			);
			path = apponeTests;
			sourceTree = "<group>";
		};
		7780D49120FBE687005E0982 /* apponeUITests */ = {
			isa = PBXGroup;
			children = (
				7780D49220FBE687005E0982 /* apponeUITests.swift */,
				7780D49420FBE687005E0982 /* Info.plist */,
			);
			path = apponeUITests;
			sourceTree = "<group>";
		};
/* End PBXGroup section */

/* Begin PBXNativeTarget section */
		7780D46E20FBE684005E0982 /* appone */ = {
			isa = PBXNativeTarget;
			buildConfigurationList = 7780D49720FBE687005E0982 /* Build configuration list for PBXNativeTarget "appone" */;
			buildPhases = (
				7780D46B20FBE684005E0982 /* Sources */,
				7780D46C20FBE684005E0982 /* Frameworks */,
				7780D46D20FBE684005E0982 /* Resources */,
			);
			buildRules = (
			);
			dependencies = (
			);
			name = appone;
			productName = appone;
			productReference = 7780D46F20FBE684005E0982 /* appone.app */;
			productType = "com.apple.product-type.application";
		};
		7780D48220FBE687005E0982 /* apponeTests */ = {
			isa = PBXNativeTarget;
			buildConfigurationList = 7780D49A20FBE687005E0982 /* Build configuration list for PBXNativeTarget "apponeTests" */;
			buildPhases = (
				7780D47F20FBE687005E0982 /* Sources */,
				7780D48020FBE687005E0982 /* Frameworks */,
				7780D48120FBE687005E0982 /* Resources */,
			);
			buildRules = (
			);
			dependencies = (
				7780D48520FBE687005E0982 /* PBXTargetDependency */,
			);
			name = apponeTests;
			productName = apponeTests;
			productReference = 7780D48320FBE687005E0982 /* apponeTests.xctest */;
			productType = "com.apple.product-type.bundle.unit-test";
		};
		7780D48D20FBE687005E0982 /* apponeUITests */ = {
			isa = PBXNativeTarget;
			buildConfigurationList = 7780D49D20FBE687005E0982 /* Build configuration list for PBXNativeTarget "apponeUITests" */;
			buildPhases = (
				7780D48A20FBE687005E0982 /* Sources */,
				7780D48B20FBE687005E0982 /* Frameworks */,
				7780D48C20FBE687005E0982 /* Resources */,
			);
			buildRules = (
			);
			dependencies = (
				7780D49020FBE687005E0982 /* PBXTargetDependency */,
			);
			name = apponeUITests;
			productName = apponeUITests;
			productReference = 7780D48E20FBE687005E0982 /* apponeUITests.xctest */;
			productType = "com.apple.product-type.bundle.ui-testing";
		};
/* End PBXNativeTarget section */

/* Begin PBXProject section */
		7780D46720FBE684005E0982 /* Project object */ = {
			isa = PBXProject;
			attributes = {
				LastSwiftUpdateCheck = 0940;
				LastUpgradeCheck = 0940;
				ORGANIZATIONNAME = "Bearded Dog Studios";
				TargetAttributes = {
					7780D46E20FBE684005E0982 = {
						CreatedOnToolsVersion = 9.4.1;
					};
					7780D48220FBE687005E0982 = {
						CreatedOnToolsVersion = 9.4.1;
						TestTargetID = 7780D46E20FBE684005E0982;
					};
					7780D48D20FBE687005E0982 = {
						CreatedOnToolsVersion = 9.4.1;
						TestTargetID = 7780D46E20FBE684005E0982;
					};
				};
			};
			buildConfigurationList = 7780D46A20FBE684005E0982 /* Build configuration list for PBXProject "appone" */;
			compatibilityVersion = "Xcode 9.3";
			developmentRegion = en;
			hasScannedForEncodings = 0;
			knownRegions = (
				en,
				Base,
			);
			mainGroup = 7780D46620FBE684005E0982;
			productRefGroup = 7780D47020FBE684005E0982 /* Products */;
			projectDirPath = "";
			projectRoot = "";
			targets = (
				7780D46E20FBE684005E0982 /* appone */,
				7780D48220FBE687005E0982 /* apponeTests */,
				7780D48D20FBE687005E0982 /* apponeUITests */,
			);
		};
/* End PBXProject section */

/* Begin PBXResourcesBuildPhase section */
		7780D46D20FBE684005E0982 /* Resources */ = {
			isa = PBXResourcesBuildPhase;
			buildActionMask = 2147483647;
			files = (
				7780D47D20FBE687005E0982 /* LaunchScreen.storyboard in Resources */,
				7780D47A20FBE687005E0982 /* Assets.xcassets in Resources */,
				7780D47820FBE684005E0982 /* Main.storyboard in Resources */,
			);
			runOnlyForDeploymentPostprocessing = 0;
		};
		7780D48120FBE687005E0982 /* Resources */ = {
			isa = PBXResourcesBuildPhase;
			buildActionMask = 2147483647;
			files = (
			);
			runOnlyForDeploymentPostprocessing = 0;
		};
		7780D48C20FBE687005E0982 /* Resources */ = {
			isa = PBXResourcesBuildPhase;
			buildActionMask = 2147483647;
			files = (
			);
			runOnlyForDeploymentPostprocessing = 0;
		};
/* End PBXResourcesBuildPhase section */

/* Begin PBXSourcesBuildPhase section */
		7780D46B20FBE684005E0982 /* Sources */ = {
			isa = PBXSourcesBuildPhase;
			buildActionMask = 2147483647;
			files = (
				7780D47520FBE684005E0982 /* ViewController.swift in Sources */,
				7780D47320FBE684005E0982 /* AppDelegate.swift in Sources */,
			);
			runOnlyForDeploymentPostprocessing = 0;
		};
		7780D47F20FBE687005E0982 /* Sources */ = {
			isa = PBXSourcesBuildPhase;
			buildActionMask = 2147483647;
			files = (
				7780D48820FBE687005E0982 /* apponeTests.swift in Sources */,
			);
			runOnlyForDeploymentPostprocessing = 0;
		};
		7780D48A20FBE687005E0982 /* Sources */ = {
			isa = PBXSourcesBuildPhase;
			buildActionMask = 2147483647;
			files = (
				7780D49320FBE687005E0982 /* apponeUITests.swift in Sources */,
			);
			runOnlyForDeploymentPostprocessing = 0;
		};
/* End PBXSourcesBuildPhase section */

/* Begin PBXTargetDependency section */
		7780D48520FBE687005E0982 /* PBXTargetDependency */ = {
			isa = PBXTargetDependency;
			target = 7780D46E20FBE684005E0982 /* appone */;
			targetProxy = 7780D48420FBE687005E0982 /* PBXContainerItemProxy */;
		};
		7780D49020FBE687005E0982 /* PBXTargetDependency */ = {
			isa = PBXTargetDependency;
			target = 7780D46E20FBE684005E0982 /* appone */;
			targetProxy = 7780D48F20FBE687005E0982 /* PBXContainerItemProxy */;
		};
/* End PBXTargetDependency section */

/* Begin PBXVariantGroup section */
		7780D47620FBE684005E0982 /* Main.storyboard */ = {
			isa = PBXVariantGroup;
			children = (
				7780D47720FBE684005E0982 /* Base */,
			);
			name = Main.storyboard;
			sourceTree = "<group>";
		};
		7780D47B20FBE687005E0982 /* LaunchScreen.storyboard */ = {
			isa = PBXVariantGroup;
			children = (
				7780D47C20FBE687005E0982 /* Base */,
			);
			name = LaunchScreen.storyboard;
			sourceTree = "<group>";
		};
/* End PBXVariantGroup section */

/* Begin XCBuildConfiguration section */
		7780D49520FBE687005E0982 /* Debug */ = {
			isa = XCBuildConfiguration;
			buildSettings = {
				ALWAYS_SEARCH_USER_PATHS = NO;
				CLANG_ANALYZER_NONNULL = YES;
				CLANG_ANALYZER_NUMBER_OBJECT_CONVERSION = YES_AGGRESSIVE;
				CLANG_CXX_LANGUAGE_STANDARD = "gnu++14";
				CLANG_CXX_LIBRARY = "libc++";
				CLANG_ENABLE_MODULES = YES;
				CLANG_ENABLE_OBJC_ARC = YES;
				CLANG_ENABLE_OBJC_WEAK = YES;
				CLANG_WARN_BLOCK_CAPTURE_AUTORELEASING = YES;
				CLANG_WARN_BOOL_CONVERSION = YES;
				CLANG_WARN_COMMA = YES;
				CLANG_WARN_CONSTANT_CONVERSION = YES;
				CLANG_WARN_DEPRECATED_OBJC_IMPLEMENTATIONS = YES;
				CLANG_WARN_DIRECT_OBJC_ISA_USAGE = YES_ERROR;
				CLANG_WARN_DOCUMENTATION_COMMENTS = YES;
				CLANG_WARN_EMPTY_BODY = YES;
				CLANG_WARN_ENUM_CONVERSION = YES;
				CLANG_WARN_INFINITE_RECURSION = YES;
				CLANG_WARN_INT_CONVERSION = YES;
				CLANG_WARN_NON_LITERAL_NULL_CONVERSION = YES;
				CLANG_WARN_OBJC_IMPLICIT_RETAIN_SELF = YES;
				CLANG_WARN_OBJC_LITERAL_CONVERSION = YES;
				CLANG_WARN_OBJC_ROOT_CLASS = YES_ERROR;
				CLANG_WARN_RANGE_LOOP_ANALYSIS = YES;
				CLANG_WARN_STRICT_PROTOTYPES = YES;
				CLANG_WARN_SUSPICIOUS_MOVE = YES;
				CLANG_WARN_UNGUARDED_AVAILABILITY = YES_AGGRESSIVE;
				CLANG_WARN_UNREACHABLE_CODE = YES;
				CLANG_WARN__DUPLICATE_METHOD_MATCH = YES;
				CODE_SIGN_IDENTITY = "iPhone Developer";
				COPY_PHASE_STRIP = NO;
				DEBUG_INFORMATION_FORMAT = dwarf;
				ENABLE_STRICT_OBJC_MSGSEND = YES;
				ENABLE_TESTABILITY = YES;
				GCC_C_LANGUAGE_STANDARD = gnu11;
				GCC_DYNAMIC_NO_PIC = NO;
				GCC_NO_COMMON_BLOCKS = YES;
				GCC_OPTIMIZATION_LEVEL = 0;
				GCC_PREPROCESSOR_DEFINITIONS = (
					"DEBUG=1",
					"$(inherited)",
				);
				GCC_WARN_64_TO_32_BIT_CONVERSION = YES;
				GCC_WARN_ABOUT_RETURN_TYPE = YES_ERROR;
				GCC_WARN_UNDECLARED_SELECTOR = YES;
				GCC_WARN_UNINITIALIZED_AUTOS = YES_AGGRESSIVE;
				GCC_WARN_UNUSED_FUNCTION = YES;
				GCC_WARN_UNUSED_VARIABLE = YES;
				IPHONEOS_DEPLOYMENT_TARGET = 11.4;
				MTL_ENABLE_DEBUG_INFO = YES;
				ONLY_ACTIVE_ARCH = YES;
				SDKROOT = iphoneos;
				SWIFT_ACTIVE_COMPILATION_CONDITIONS = DEBUG;
				SWIFT_OPTIMIZATION_LEVEL = "-Onone";
			};
			name = Debug;
		};
		7780D49620FBE687005E0982 /* Release */ = {
			isa = XCBuildConfiguration;
			buildSettings = {
				ALWAYS_SEARCH_USER_PATHS = NO;
				CLANG_ANALYZER_NONNULL = YES;
				CLANG_ANALYZER_NUMBER_OBJECT_CONVERSION = YES_AGGRESSIVE;
				CLANG_CXX_LANGUAGE_STANDARD = "gnu++14";
				CLANG_CXX_LIBRARY = "libc++";
				CLANG_ENABLE_MODULES = YES;
				CLANG_ENABLE_OBJC_ARC = YES;
				CLANG_ENABLE_OBJC_WEAK = YES;
				CLANG_WARN_BLOCK_CAPTURE_AUTORELEASING = YES;
				CLANG_WARN_BOOL_CONVERSION = YES;
				CLANG_WARN_COMMA = YES;
				CLANG_WARN_CONSTANT_CONVERSION = YES;
				CLANG_WARN_DEPRECATED_OBJC_IMPLEMENTATIONS = YES;
				CLANG_WARN_DIRECT_OBJC_ISA_USAGE = YES_ERROR;
				CLANG_WARN_DOCUMENTATION_COMMENTS = YES;
				CLANG_WARN_EMPTY_BODY = YES;
				CLANG_WARN_ENUM_CONVERSION = YES;
				CLANG_WARN_INFINITE_RECURSION = YES;
				CLANG_WARN_INT_CONVERSION = YES;
				CLANG_WARN_NON_LITERAL_NULL_CONVERSION = YES;
				CLANG_WARN_OBJC_IMPLICIT_RETAIN_SELF = YES;
				CLANG_WARN_OBJC_LITERAL_CONVERSION = YES;
				CLANG_WARN_OBJC_ROOT_CLASS = YES_ERROR;
				CLANG_WARN_RANGE_LOOP_ANALYSIS = YES;
				CLANG_WARN_STRICT_PROTOTYPES = YES;
				CLANG_WARN_SUSPICIOUS_MOVE = YES;
				CLANG_WARN_UNGUARDED_AVAILABILITY = YES_AGGRESSIVE;
				CLANG_WARN_UNREACHABLE_CODE = YES;
				CLANG_WARN__DUPLICATE_METHOD_MATCH = YES;
				CODE_SIGN_IDENTITY = "iPhone Developer";
				COPY_PHASE_STRIP = NO;
				DEBUG_INFORMATION_FORMAT = "dwarf-with-dsym";
				ENABLE_NS_ASSERTIONS = NO;
				ENABLE_STRICT_OBJC_MSGSEND = YES;
				GCC_C_LANGUAGE_STANDARD = gnu11;
				GCC_NO_COMMON_BLOCKS = YES;
				GCC_WARN_64_TO_32_BIT_CONVERSION = YES;
				GCC_WARN_ABOUT_RETURN_TYPE = YES_ERROR;
				GCC_WARN_UNDECLARED_SELECTOR = YES;
				GCC_WARN_UNINITIALIZED_AUTOS = YES_AGGRESSIVE;
				GCC_WARN_UNUSED_FUNCTION = YES;
				GCC_WARN_UNUSED_VARIABLE = YES;
				IPHONEOS_DEPLOYMENT_TARGET = 11.4;
				MTL_ENABLE_DEBUG_INFO = NO;
				SDKROOT = iphoneos;
				SWIFT_COMPILATION_MODE = wholemodule;
				SWIFT_OPTIMIZATION_LEVEL = "-O";
				VALIDATE_PRODUCT = YES;
			};
			name = Release;
		};
		7780D49820FBE687005E0982 /* Debug */ = {
			isa = XCBuildConfiguration;
			buildSettings = {
				ASSETCATALOG_COMPILER_APPICON_NAME = AppIcon;
				CODE_SIGN_STYLE = Automatic;
				DEVELOPMENT_TEAM = F9VJ97Q6L7;
				INFOPLIST_FILE = appone/Info.plist;
				LD_RUNPATH_SEARCH_PATHS = (
					"$(inherited)",
					"@executable_path/Frameworks",
				);
				PRODUCT_BUNDLE_IDENTIFIER = com.beardeddogstudios.appone;
				PRODUCT_NAME = "$(TARGET_NAME)";
				SWIFT_VERSION = 4.0;
				TARGETED_DEVICE_FAMILY = "1,2";
			};
			name = Debug;
		};
		7780D49920FBE687005E0982 /* Release */ = {
			isa = XCBuildConfiguration;
			buildSettings = {
				ASSETCATALOG_COMPILER_APPICON_NAME = AppIcon;
				CODE_SIGN_STYLE = Automatic;
				DEVELOPMENT_TEAM = F9VJ97Q6L7;
				INFOPLIST_FILE = appone/Info.plist;
				LD_RUNPATH_SEARCH_PATHS = (
					"$(inherited)",
					"@executable_path/Frameworks",
				);
				PRODUCT_BUNDLE_IDENTIFIER = com.beardeddogstudios.appone;
				PRODUCT_NAME = "$(TARGET_NAME)";
				SWIFT_VERSION = 4.0;
				TARGETED_DEVICE_FAMILY = "1,2";
			};
			name = Release;
		};
		7780D49B20FBE687005E0982 /* Debug */ = {
			isa = XCBuildConfiguration;
			buildSettings = {
				ALWAYS_EMBED_SWIFT_STANDARD_LIBRARIES = YES;
				BUNDLE_LOADER = "$(TEST_HOST)";
				CODE_SIGN_STYLE = Automatic;
				DEVELOPMENT_TEAM = F9VJ97Q6L7;
				INFOPLIST_FILE = apponeTests/Info.plist;
				LD_RUNPATH_SEARCH_PATHS = (
					"$(inherited)",
					"@executable_path/Frameworks",
					"@loader_path/Frameworks",
				);
				PRODUCT_BUNDLE_IDENTIFIER = com.beardeddogstudios.apponeTests;
				PRODUCT_NAME = "$(TARGET_NAME)";
				SWIFT_VERSION = 4.0;
				TARGETED_DEVICE_FAMILY = "1,2";
				TEST_HOST = "$(BUILT_PRODUCTS_DIR)/appone.app/appone";
			};
			name = Debug;
		};
		7780D49C20FBE687005E0982 /* Release */ = {
			isa = XCBuildConfiguration;
			buildSettings = {
				ALWAYS_EMBED_SWIFT_STANDARD_LIBRARIES = YES;
				BUNDLE_LOADER = "$(TEST_HOST)";
				CODE_SIGN_STYLE = Automatic;
				DEVELOPMENT_TEAM = F9VJ97Q6L7;
				INFOPLIST_FILE = apponeTests/Info.plist;
				LD_RUNPATH_SEARCH_PATHS = (
					"$(inherited)",
					"@executable_path/Frameworks",
					"@loader_path/Frameworks",
				);
				PRODUCT_BUNDLE_IDENTIFIER = com.beardeddogstudios.apponeTests;
				PRODUCT_NAME = "$(TARGET_NAME)";
				SWIFT_VERSION = 4.0;
				TARGETED_DEVICE_FAMILY = "1,2";
				TEST_HOST = "$(BUILT_PRODUCTS_DIR)/appone.app/appone";
			};
			name = Release;
		};
		7780D49E20FBE687005E0982 /* Debug */ = {
			isa = XCBuildConfiguration;
			buildSettings = {
				ALWAYS_EMBED_SWIFT_STANDARD_LIBRARIES = YES;
				CODE_SIGN_STYLE = Automatic;
				DEVELOPMENT_TEAM = F9VJ97Q6L7;
				INFOPLIST_FILE = apponeUITests/Info.plist;
				LD_RUNPATH_SEARCH_PATHS = (
					"$(inherited)",
					"@executable_path/Frameworks",
					"@loader_path/Frameworks",
				);
				PRODUCT_BUNDLE_IDENTIFIER = com.beardeddogstudios.apponeUITests;
				PRODUCT_NAME = "$(TARGET_NAME)";
				SWIFT_VERSION = 4.0;
				TARGETED_DEVICE_FAMILY = "1,2";
				TEST_TARGET_NAME = appone;
			};
			name = Debug;
		};
		7780D49F20FBE687005E0982 /* Release */ = {
			isa = XCBuildConfiguration;
			buildSettings = {
				ALWAYS_EMBED_SWIFT_STANDARD_LIBRARIES = YES;
				CODE_SIGN_STYLE = Automatic;
				DEVELOPMENT_TEAM = F9VJ97Q6L7;
				INFOPLIST_FILE = apponeUITests/Info.plist;
				LD_RUNPATH_SEARCH_PATHS = (
					"$(inherited)",
					"@executable_path/Frameworks",
					"@loader_path/Frameworks",
				);
				PRODUCT_BUNDLE_IDENTIFIER = com.beardeddogstudios.apponeUITests;
				PRODUCT_NAME = "$(TARGET_NAME)";
				SWIFT_VERSION = 4.0;
				TARGETED_DEVICE_FAMILY = "1,2";
				TEST_TARGET_NAME = appone;
			};
			name = Release;
		};
/* End XCBuildConfiguration section */

/* Begin XCConfigurationList section */
		7780D46A20FBE684005E0982 /* Build configuration list for PBXProject "appone" */ = {
			isa = XCConfigurationList;
			buildConfigurations = (
				7780D49520FBE687005E0982 /* Debug */,
				7780D49620FBE687005E0982 /* Release */,
			);
			defaultConfigurationIsVisible = 0;
			defaultConfigurationName = Release;
		};
		7780D49720FBE687005E0982 /* Build configuration list for PBXNativeTarget "appone" */ = {
			isa = XCConfigurationList;
			buildConfigurations = (
				7780D49820FBE687005E0982 /* Debug */,
				7780D49920FBE687005E0982 /* Release */,
			);
			defaultConfigurationIsVisible = 0;
			defaultConfigurationName = Release;
		};
		7780D49A20FBE687005E0982 /* Build configuration list for PBXNativeTarget "apponeTests" */ = {
			isa = XCConfigurationList;
			buildConfigurations = (
				7780D49B20FBE687005E0982 /* Debug */,
				7780D49C20FBE687005E0982 /* Release */,
			);
			defaultConfigurationIsVisible = 0;
			defaultConfigurationName = Release;
		};
		7780D49D20FBE687005E0982 /* Build configuration list for PBXNativeTarget "apponeUITests" */ = {
			isa = XCConfigurationList;
			buildConfigurations = (
				7780D49E20FBE687005E0982 /* Debug */,
				7780D49F20FBE687005E0982 /* Release */,
			);
			defaultConfigurationIsVisible = 0;
			defaultConfigurationName = Release;
		};
/* End XCConfigurationList section */
	};
	rootObject = 7780D46720FBE684005E0982 /* Project object */;
}
